// !$*UTF8*$!
{
	archiveVersion = 1;
	classes = {
	};
	objectVersion = 46;
	objects = {

/* Begin PBXBuildFile section */
		634E312F1D611B1900A54AB1 /* main.m in Sources */ = {isa = PBXBuildFile; fileRef = 634E312E1D611B1900A54AB1 /* main.m */; };
		634E31321D611B1900A54AB1 /* AppDelegate.m in Sources */ = {isa = PBXBuildFile; fileRef = 634E31311D611B1900A54AB1 /* AppDelegate.m */; };
		634E31351D611B1900A54AB1 /* ViewController.m in Sources */ = {isa = PBXBuildFile; fileRef = 634E31341D611B1900A54AB1 /* ViewController.m */; };
		634E31381D611B1900A54AB1 /* Main.storyboard in Resources */ = {isa = PBXBuildFile; fileRef = 634E31361D611B1900A54AB1 /* Main.storyboard */; };
		634E313A1D611B1900A54AB1 /* Assets.xcassets in Resources */ = {isa = PBXBuildFile; fileRef = 634E31391D611B1900A54AB1 /* Assets.xcassets */; };
		634E313D1D611B1900A54AB1 /* LaunchScreen.storyboard in Resources */ = {isa = PBXBuildFile; fileRef = 634E313B1D611B1900A54AB1 /* LaunchScreen.storyboard */; };
		634E31461D613B7500A54AB1 /* MyButton.m in Sources */ = {isa = PBXBuildFile; fileRef = 634E31451D613B7500A54AB1 /* MyButton.m */; };
		63D286491D6166CE007857DE /* MediaPlayer.framework in Frameworks */ = {isa = PBXBuildFile; fileRef = 63D286481D6166CE007857DE /* MediaPlayer.framework */; };
/* End PBXBuildFile section */

/* Begin PBXFileReference section */
		634E312A1D611B1700A54AB1 /* SocketObjC.app */ = {isa = PBXFileReference; explicitFileType = wrapper.application; includeInIndex = 0; path = SocketObjC.app; sourceTree = BUILT_PRODUCTS_DIR; };
		634E312E1D611B1900A54AB1 /* main.m */ = {isa = PBXFileReference; lastKnownFileType = sourcecode.c.objc; path = main.m; sourceTree = "<group>"; };
		634E31301D611B1900A54AB1 /* AppDelegate.h */ = {isa = PBXFileReference; lastKnownFileType = sourcecode.c.h; path = AppDelegate.h; sourceTree = "<group>"; };
		634E31311D611B1900A54AB1 /* AppDelegate.m */ = {isa = PBXFileReference; lastKnownFileType = sourcecode.c.objc; path = AppDelegate.m; sourceTree = "<group>"; };
		634E31331D611B1900A54AB1 /* ViewController.h */ = {isa = PBXFileReference; lastKnownFileType = sourcecode.c.h; path = ViewController.h; sourceTree = "<group>"; };
		634E31341D611B1900A54AB1 /* ViewController.m */ = {isa = PBXFileReference; lastKnownFileType = sourcecode.c.objc; path = ViewController.m; sourceTree = "<group>"; };
		634E31371D611B1900A54AB1 /* Base */ = {isa = PBXFileReference; lastKnownFileType = file.storyboard; name = Base; path = Base.lproj/Main.storyboard; sourceTree = "<group>"; };
		634E31391D611B1900A54AB1 /* Assets.xcassets */ = {isa = PBXFileReference; lastKnownFileType = folder.assetcatalog; path = Assets.xcassets; sourceTree = "<group>"; };
		634E313C1D611B1900A54AB1 /* Base */ = {isa = PBXFileReference; lastKnownFileType = file.storyboard; name = Base; path = Base.lproj/LaunchScreen.storyboard; sourceTree = "<group>"; };
		634E313E1D611B1900A54AB1 /* Info.plist */ = {isa = PBXFileReference; lastKnownFileType = text.plist.xml; path = Info.plist; sourceTree = "<group>"; };
		634E31441D613B7500A54AB1 /* MyButton.h */ = {isa = PBXFileReference; fileEncoding = 4; lastKnownFileType = sourcecode.c.h; path = MyButton.h; sourceTree = "<group>"; };
		634E31451D613B7500A54AB1 /* MyButton.m */ = {isa = PBXFileReference; fileEncoding = 4; lastKnownFileType = sourcecode.c.objc; path = MyButton.m; sourceTree = "<group>"; };
		63D286481D6166CE007857DE /* MediaPlayer.framework */ = {isa = PBXFileReference; lastKnownFileType = wrapper.framework; name = MediaPlayer.framework; path = System/Library/Frameworks/MediaPlayer.framework; sourceTree = SDKROOT; };
/* End PBXFileReference section */

/* Begin PBXFrameworksBuildPhase section */
		634E31271D611B1700A54AB1 /* Frameworks */ = {
			isa = PBXFrameworksBuildPhase;
			buildActionMask = 2147483647;
			files = (
				63D286491D6166CE007857DE /* MediaPlayer.framework in Frameworks */,
			);
			runOnlyForDeploymentPostprocessing = 0;
		};
/* End PBXFrameworksBuildPhase section */

/* Begin PBXGroup section */
		634E31211D611B1700A54AB1 = {
			isa = PBXGroup;
			children = (
				63D286481D6166CE007857DE /* MediaPlayer.framework */,
				634E312C1D611B1900A54AB1 /* SocketObjC */,
				634E312B1D611B1700A54AB1 /* Products */,
			);
			sourceTree = "<group>";
		};
		634E312B1D611B1700A54AB1 /* Products */ = {
			isa = PBXGroup;
			children = (
				634E312A1D611B1700A54AB1 /* SocketObjC.app */,
			);
			name = Products;
			sourceTree = "<group>";
		};
		634E312C1D611B1900A54AB1 /* SocketObjC */ = {
			isa = PBXGroup;
			children = (
				634E31301D611B1900A54AB1 /* AppDelegate.h */,
				634E31311D611B1900A54AB1 /* AppDelegate.m */,
				634E31331D611B1900A54AB1 /* ViewController.h */,
				634E31341D611B1900A54AB1 /* ViewController.m */,
				634E31361D611B1900A54AB1 /* Main.storyboard */,
				634E31391D611B1900A54AB1 /* Assets.xcassets */,
				634E313B1D611B1900A54AB1 /* LaunchScreen.storyboard */,
				634E313E1D611B1900A54AB1 /* Info.plist */,
				634E312D1D611B1900A54AB1 /* Supporting Files */,
				634E31441D613B7500A54AB1 /* MyButton.h */,
				634E31451D613B7500A54AB1 /* MyButton.m */,
			);
			path = SocketObjC;
			sourceTree = "<group>";
		};
		634E312D1D611B1900A54AB1 /* Supporting Files */ = {
			isa = PBXGroup;
			children = (
				634E312E1D611B1900A54AB1 /* main.m */,
			);
			name = "Supporting Files";
			sourceTree = "<group>";
		};
/* End PBXGroup section */

/* Begin PBXNativeTarget section */
		634E31291D611B1700A54AB1 /* SocketObjC */ = {
			isa = PBXNativeTarget;
			buildConfigurationList = 634E31411D611B1900A54AB1 /* Build configuration list for PBXNativeTarget "SocketObjC" */;
			buildPhases = (
				634E31261D611B1700A54AB1 /* Sources */,
				634E31271D611B1700A54AB1 /* Frameworks */,
				634E31281D611B1700A54AB1 /* Resources */,
			);
			buildRules = (
			);
			dependencies = (
			);
			name = SocketObjC;
			productName = SocketObjC;
			productReference = 634E312A1D611B1700A54AB1 /* SocketObjC.app */;
			productType = "com.apple.product-type.application";
		};
/* End PBXNativeTarget section */

/* Begin PBXProject section */
		634E31221D611B1700A54AB1 /* Project object */ = {
			isa = PBXProject;
			attributes = {
				LastUpgradeCheck = 0730;
				ORGANIZATIONNAME = ResponseApps;
				TargetAttributes = {
					634E31291D611B1700A54AB1 = {
						CreatedOnToolsVersion = 7.3.1;
						DevelopmentTeam = 5L6ATV529N;
					};
				};
			};
			buildConfigurationList = 634E31251D611B1700A54AB1 /* Build configuration list for PBXProject "SocketObjC" */;
			compatibilityVersion = "Xcode 3.2";
			developmentRegion = English;
			hasScannedForEncodings = 0;
			knownRegions = (
				en,
				Base,
			);
			mainGroup = 634E31211D611B1700A54AB1;
			productRefGroup = 634E312B1D611B1700A54AB1 /* Products */;
			projectDirPath = "";
			projectRoot = "";
			targets = (
				634E31291D611B1700A54AB1 /* SocketObjC */,
			);
		};
/* End PBXProject section */

/* Begin PBXResourcesBuildPhase section */
		634E31281D611B1700A54AB1 /* Resources */ = {
			isa = PBXResourcesBuildPhase;
			buildActionMask = 2147483647;
			files = (
				634E313D1D611B1900A54AB1 /* LaunchScreen.storyboard in Resources */,
				634E313A1D611B1900A54AB1 /* Assets.xcassets in Resources */,
				634E31381D611B1900A54AB1 /* Main.storyboard in Resources */,
			);
			runOnlyForDeploymentPostprocessing = 0;
		};
/* End PBXResourcesBuildPhase section */

/* Begin PBXSourcesBuildPhase section */
		634E31261D611B1700A54AB1 /* Sources */ = {
			isa = PBXSourcesBuildPhase;
			buildActionMask = 2147483647;
			files = (
				634E31351D611B1900A54AB1 /* ViewController.m in Sources */,
				634E31321D611B1900A54AB1 /* AppDelegate.m in Sources */,
				634E312F1D611B1900A54AB1 /* main.m in Sources */,
				634E31461D613B7500A54AB1 /* MyButton.m in Sources */,
			);
			runOnlyForDeploymentPostprocessing = 0;
		};
/* End PBXSourcesBuildPhase section */

/* Begin PBXVariantGroup section */
		634E31361D611B1900A54AB1 /* Main.storyboard */ = {
			isa = PBXVariantGroup;
			children = (
				634E31371D611B1900A54AB1 /* Base */,
			);
			name = Main.storyboard;
			sourceTree = "<group>";
		};
		634E313B1D611B1900A54AB1 /* LaunchScreen.storyboard */ = {
			isa = PBXVariantGroup;
			children = (
				634E313C1D611B1900A54AB1 /* Base */,
			);
			name = LaunchScreen.storyboard;
			sourceTree = "<group>";
		};
/* End PBXVariantGroup section */

/* Begin XCBuildConfiguration section */
		634E313F1D611B1900A54AB1 /* Debug */ = {
			isa = XCBuildConfiguration;
			buildSettings = {
				ALWAYS_SEARCH_USER_PATHS = NO;
				CLANG_ANALYZER_NONNULL = YES;
				CLANG_CXX_LANGUAGE_STANDARD = "gnu++0x";
				CLANG_CXX_LIBRARY = "libc++";
				CLANG_ENABLE_MODULES = YES;
				CLANG_ENABLE_OBJC_ARC = YES;
				CLANG_WARN_BOOL_CONVERSION = YES;
				CLANG_WARN_CONSTANT_CONVERSION = YES;
				CLANG_WARN_DIRECT_OBJC_ISA_USAGE = YES_ERROR;
				CLANG_WARN_EMPTY_BODY = YES;
				CLANG_WARN_ENUM_CONVERSION = YES;
				CLANG_WARN_INT_CONVERSION = YES;
				CLANG_WARN_OBJC_ROOT_CLASS = YES_ERROR;
				CLANG_WARN_UNREACHABLE_CODE = YES;
				CLANG_WARN__DUPLICATE_METHOD_MATCH = YES;
				"CODE_SIGN_IDENTITY[sdk=iphoneos*]" = "iPhone Developer";
				COPY_PHASE_STRIP = NO;
				DEBUG_INFORMATION_FORMAT = dwarf;
				ENABLE_STRICT_OBJC_MSGSEND = YES;
				ENABLE_TESTABILITY = YES;
				GCC_C_LANGUAGE_STANDARD = gnu99;
				GCC_DYNAMIC_NO_PIC = NO;
				GCC_NO_COMMON_BLOCKS = YES;
				GCC_OPTIMIZATION_LEVEL = 0;
				GCC_PREPROCESSOR_DEFINITIONS = (
					"DEBUG=1",
					"$(inherited)",
				);
				GCC_WARN_64_TO_32_BIT_CONVERSION = YES;
				GCC_WARN_ABOUT_RETURN_TYPE = YES_ERROR;
				GCC_WARN_UNDECLARED_SELECTOR = YES;
				GCC_WARN_UNINITIALIZED_AUTOS = YES_AGGRESSIVE;
				GCC_WARN_UNUSED_FUNCTION = YES;
				GCC_WARN_UNUSED_VARIABLE = YES;
				IPHONEOS_DEPLOYMENT_TARGET = 9.3;
				MTL_ENABLE_DEBUG_INFO = YES;
				ONLY_ACTIVE_ARCH = YES;
				SDKROOT = iphoneos;
				TARGETED_DEVICE_FAMILY = "1,2";
			};
			name = Debug;
		};
		634E31401D611B1900A54AB1 /* Release */ = {
			isa = XCBuildConfiguration;
			buildSettings = {
				ALWAYS_SEARCH_USER_PATHS = NO;
				CLANG_ANALYZER_NONNULL = YES;
				CLANG_CXX_LANGUAGE_STANDARD = "gnu++0x";
				CLANG_CXX_LIBRARY = "libc++";
				CLANG_ENABLE_MODULES = YES;
				CLANG_ENABLE_OBJC_ARC = YES;
				CLANG_WARN_BOOL_CONVERSION = YES;
				CLANG_WARN_CONSTANT_CONVERSION = YES;
				CLANG_WARN_DIRECT_OBJC_ISA_USAGE = YES_ERROR;
				CLANG_WARN_EMPTY_BODY = YES;
				CLANG_WARN_ENUM_CONVERSION = YES;
				CLANG_WARN_INT_CONVERSION = YES;
				CLANG_WARN_OBJC_ROOT_CLASS = YES_ERROR;
				CLANG_WARN_UNREACHABLE_CODE = YES;
				CLANG_WARN__DUPLICATE_METHOD_MATCH = YES;
				"CODE_SIGN_IDENTITY[sdk=iphoneos*]" = "iPhone Developer";
				COPY_PHASE_STRIP = NO;
				DEBUG_INFORMATION_FORMAT = "dwarf-with-dsym";
				ENABLE_NS_ASSERTIONS = NO;
				ENABLE_STRICT_OBJC_MSGSEND = YES;
				GCC_C_LANGUAGE_STANDARD = gnu99;
				GCC_NO_COMMON_BLOCKS = YES;
				GCC_WARN_64_TO_32_BIT_CONVERSION = YES;
				GCC_WARN_ABOUT_RETURN_TYPE = YES_ERROR;
				GCC_WARN_UNDECLARED_SELECTOR = YES;
				GCC_WARN_UNINITIALIZED_AUTOS = YES_AGGRESSIVE;
				GCC_WARN_UNUSED_FUNCTION = YES;
				GCC_WARN_UNUSED_VARIABLE = YES;
				IPHONEOS_DEPLOYMENT_TARGET = 9.3;
				MTL_ENABLE_DEBUG_INFO = NO;
				SDKROOT = iphoneos;
				TARGETED_DEVICE_FAMILY = "1,2";
				VALIDATE_PRODUCT = YES;
			};
			name = Release;
		};
		634E31421D611B1900A54AB1 /* Debug */ = {
			isa = XCBuildConfiguration;
			buildSettings = {
				ASSETCATALOG_COMPILER_APPICON_NAME = AppIcon;
				INFOPLIST_FILE = SocketObjC/Info.plist;
				LD_RUNPATH_SEARCH_PATHS = "$(inherited) @executable_path/Frameworks";
				PRODUCT_BUNDLE_IDENTIFIER = com.responseapps.SocketObjC;
				PRODUCT_NAME = "$(TARGET_NAME)";
			};
			name = Debug;
		};
		634E31431D611B1900A54AB1 /* Release */ = {
			isa = XCBuildConfiguration;
			buildSettings = {
				ASSETCATALOG_COMPILER_APPICON_NAME = AppIcon;
				INFOPLIST_FILE = SocketObjC/Info.plist;
				LD_RUNPATH_SEARCH_PATHS = "$(inherited) @executable_path/Frameworks";
				PRODUCT_BUNDLE_IDENTIFIER = com.responseapps.SocketObjC;
				PRODUCT_NAME = "$(TARGET_NAME)";
			};
			name = Release;
		};
/* End XCBuildConfiguration section */

/* Begin XCConfigurationList section */
		634E31251D611B1700A54AB1 /* Build configuration list for PBXProject "SocketObjC" */ = {
			isa = XCConfigurationList;
			buildConfigurations = (
				634E313F1D611B1900A54AB1 /* Debug */,
				634E31401D611B1900A54AB1 /* Release */,
			);
			defaultConfigurationIsVisible = 0;
			defaultConfigurationName = Release;
		};
		634E31411D611B1900A54AB1 /* Build configuration list for PBXNativeTarget "SocketObjC" */ = {
			isa = XCConfigurationList;
			buildConfigurations = (
				634E31421D611B1900A54AB1 /* Debug */,
				634E31431D611B1900A54AB1 /* Release */,
			);
			defaultConfigurationIsVisible = 0;
			defaultConfigurationName = Release;
		};
/* End XCConfigurationList section */
	};
	rootObject = 634E31221D611B1700A54AB1 /* Project object */;
}
